
Microsoft Visual Studio Solution File, Format Version 12.00
# Visual Studio Version 16
VisualStudioVersion = 16.0.30114.105
MinimumVisualStudioVersion = 10.0.40219.1
Project("{FAE04EC0-301F-11D3-BF4B-00C04F79EFBC}") = "BlackJackCSharp", "BlackJackCSharp\BlackJackCSharp.csproj", "{233A3B27-1554-4781-908F-4F63417BEF89}"
EndProject
Global
	GlobalSection(SolutionConfigurationPlatforms) = preSolution
		Debug|Any CPU = Debug|Any CPU
		Release|Any CPU = Release|Any CPU
	EndGlobalSection
	GlobalSection(ProjectConfigurationPlatforms) = postSolution
		{233A3B27-1554-4781-908F-4F63417BEF89}.Debug|Any CPU.ActiveCfg = Debug|Any CPU
		{233A3B27-1554-4781-908F-4F63417BEF89}.Debug|Any CPU.Build.0 = Debug|Any CPU
		{233A3B27-1554-4781-908F-4F63417BEF89}.Release|Any CPU.ActiveCfg = Release|Any CPU
		{233A3B27-1554-4781-908F-4F63417BEF89}.Release|Any CPU.Build.0 = Release|Any CPU
	EndGlobalSection
	GlobalSection(SolutionProperties) = preSolution
		HideSolutionNode = FALSE
	EndGlobalSection
	GlobalSection(ExtensibilityGlobals) = postSolution
		SolutionGuid = {7C5FADA0-1990-47F8-8FEB-009B61C8C99E}
	EndGlobalSection
EndGlobal
